
Microsoft Visual Studio Solution File, Format Version 12.00
# Visual Studio Version 17
VisualStudioVersion = 17.0.31903.59
MinimumVisualStudioVersion = 10.0.40219.1
Project("{2150E333-8FDC-42A3-9474-1A3956D46DE8}") = "backend", "backend", "{43E3A2CC-F198-430A-BA0E-3F951074EF6A}"
EndProject
Project("{2150E333-8FDC-42A3-9474-1A3956D46DE8}") = "src", "src", "{16E7C647-AA67-4771-A444-B3A8DDD08038}"
EndProject
Project("{FAE04EC0-301F-11D3-BF4B-00C04F79EFBC}") = "TerraFusion.Abstractions", "backend\src\TerraFusion.Abstractions\TerraFusion.Abstractions.csproj", "{528D147D-635C-4C68-991E-880938E2930D}"
EndProject
Project("{FAE04EC0-301F-11D3-BF4B-00C04F79EFBC}") = "TerraFusion.AI", "backend\src\TerraFusion.AI\TerraFusion.AI.csproj", "{0B85E5DD-73CE-4383-81D8-78448DEE1905}"
EndProject
Project("{FAE04EC0-301F-11D3-BF4B-00C04F79EFBC}") = "TerraFusion.API", "backend\src\TerraFusion.API\TerraFusion.API.csproj", "{B7FBCC7A-C0DA-47B4-874A-4473EC0FE5B0}"
EndProject
Project("{FAE04EC0-301F-11D3-BF4B-00C04F79EFBC}") = "TerraFusion.Consciousness", "backend\src\TerraFusion.Consciousness\TerraFusion.Consciousness.csproj", "{61B448D5-5ADE-4850-8F66-64BE80F41286}"
EndProject
Project("{FAE04EC0-301F-11D3-BF4B-00C04F79EFBC}") = "TerraFusion.Core", "backend\src\TerraFusion.Core\TerraFusion.Core.csproj", "{1DD7AE96-F141-48F3-8AF5-B8D53EC83881}"
EndProject
Project("{FAE04EC0-301F-11D3-BF4B-00C04F79EFBC}") = "TerraFusion.CostForge", "backend\src\TerraFusion.CostForge\TerraFusion.CostForge.csproj", "{106305D1-7570-4485-B389-AD62A51587ED}"
EndProject
Project("{FAE04EC0-301F-11D3-BF4B-00C04F79EFBC}") = "TerraFusion.Data", "backend\src\TerraFusion.Data\TerraFusion.Data.csproj", "{F73E4B63-658F-428C-AF95-B74B2E9FF7F6}"
EndProject
Project("{FAE04EC0-301F-11D3-BF4B-00C04F79EFBC}") = "TerraFusion.Levy", "backend\src\TerraFusion.Levy\TerraFusion.Levy.csproj", "{F4D66122-38F7-4A42-A650-05AC0A47F4C6}"
EndProject
Project("{FAE04EC0-301F-11D3-BF4B-00C04F79EFBC}") = "TerraFusion.Operations", "backend\src\TerraFusion.Operations\TerraFusion.Operations.csproj", "{9399E0AB-84D3-45B1-B3A6-711B3368C47D}"
EndProject
Project("{FAE04EC0-301F-11D3-BF4B-00C04F79EFBC}") = "TerraFusion.Sync", "backend\src\TerraFusion.Sync\TerraFusion.Sync.csproj", "{F559FA56-3EDB-40D1-9E5B-DB4D7E7A18C6}"
EndProject
Global
	GlobalSection(SolutionConfigurationPlatforms) = preSolution
		Debug|Any CPU = Debug|Any CPU
		Release|Any CPU = Release|Any CPU
	EndGlobalSection
	GlobalSection(SolutionProperties) = preSolution
		HideSolutionNode = FALSE
	EndGlobalSection
	GlobalSection(ProjectConfigurationPlatforms) = postSolution
		{528D147D-635C-4C68-991E-880938E2930D}.Debug|Any CPU.ActiveCfg = Debug|Any CPU
		{528D147D-635C-4C68-991E-880938E2930D}.Debug|Any CPU.Build.0 = Debug|Any CPU
		{528D147D-635C-4C68-991E-880938E2930D}.Release|Any CPU.ActiveCfg = Release|Any CPU
		{528D147D-635C-4C68-991E-880938E2930D}.Release|Any CPU.Build.0 = Release|Any CPU
		{0B85E5DD-73CE-4383-81D8-78448DEE1905}.Debug|Any CPU.ActiveCfg = Debug|Any CPU
		{0B85E5DD-73CE-4383-81D8-78448DEE1905}.Debug|Any CPU.Build.0 = Debug|Any CPU
		{0B85E5DD-73CE-4383-81D8-78448DEE1905}.Release|Any CPU.ActiveCfg = Release|Any CPU
		{0B85E5DD-73CE-4383-81D8-78448DEE1905}.Release|Any CPU.Build.0 = Release|Any CPU
		{B7FBCC7A-C0DA-47B4-874A-4473EC0FE5B0}.Debug|Any CPU.ActiveCfg = Debug|Any CPU
		{B7FBCC7A-C0DA-47B4-874A-4473EC0FE5B0}.Debug|Any CPU.Build.0 = Debug|Any CPU
		{B7FBCC7A-C0DA-47B4-874A-4473EC0FE5B0}.Release|Any CPU.ActiveCfg = Release|Any CPU
		{B7FBCC7A-C0DA-47B4-874A-4473EC0FE5B0}.Release|Any CPU.Build.0 = Release|Any CPU
		{61B448D5-5ADE-4850-8F66-64BE80F41286}.Debug|Any CPU.ActiveCfg = Debug|Any CPU
		{61B448D5-5ADE-4850-8F66-64BE80F41286}.Debug|Any CPU.Build.0 = Debug|Any CPU
		{61B448D5-5ADE-4850-8F66-64BE80F41286}.Release|Any CPU.ActiveCfg = Release|Any CPU
		{61B448D5-5ADE-4850-8F66-64BE80F41286}.Release|Any CPU.Build.0 = Release|Any CPU
		{1DD7AE96-F141-48F3-8AF5-B8D53EC83881}.Debug|Any CPU.ActiveCfg = Debug|Any CPU
		{1DD7AE96-F141-48F3-8AF5-B8D53EC83881}.Debug|Any CPU.Build.0 = Debug|Any CPU
		{1DD7AE96-F141-48F3-8AF5-B8D53EC83881}.Release|Any CPU.ActiveCfg = Release|Any CPU
		{1DD7AE96-F141-48F3-8AF5-B8D53EC83881}.Release|Any CPU.Build.0 = Release|Any CPU
		{106305D1-7570-4485-B389-AD62A51587ED}.Debug|Any CPU.ActiveCfg = Debug|Any CPU
		{106305D1-7570-4485-B389-AD62A51587ED}.Debug|Any CPU.Build.0 = Debug|Any CPU
		{106305D1-7570-4485-B389-AD62A51587ED}.Release|Any CPU.ActiveCfg = Release|Any CPU
		{106305D1-7570-4485-B389-AD62A51587ED}.Release|Any CPU.Build.0 = Release|Any CPU
		{F73E4B63-658F-428C-AF95-B74B2E9FF7F6}.Debug|Any CPU.ActiveCfg = Debug|Any CPU
		{F73E4B63-658F-428C-AF95-B74B2E9FF7F6}.Debug|Any CPU.Build.0 = Debug|Any CPU
		{F73E4B63-658F-428C-AF95-B74B2E9FF7F6}.Release|Any CPU.ActiveCfg = Release|Any CPU
		{F73E4B63-658F-428C-AF95-B74B2E9FF7F6}.Release|Any CPU.Build.0 = Release|Any CPU
		{F4D66122-38F7-4A42-A650-05AC0A47F4C6}.Debug|Any CPU.ActiveCfg = Debug|Any CPU
		{F4D66122-38F7-4A42-A650-05AC0A47F4C6}.Debug|Any CPU.Build.0 = Debug|Any CPU
		{F4D66122-38F7-4A42-A650-05AC0A47F4C6}.Release|Any CPU.ActiveCfg = Release|Any CPU
		{F4D66122-38F7-4A42-A650-05AC0A47F4C6}.Release|Any CPU.Build.0 = Release|Any CPU
		{9399E0AB-84D3-45B1-B3A6-711B3368C47D}.Debug|Any CPU.ActiveCfg = Debug|Any CPU
		{9399E0AB-84D3-45B1-B3A6-711B3368C47D}.Debug|Any CPU.Build.0 = Debug|Any CPU
		{9399E0AB-84D3-45B1-B3A6-711B3368C47D}.Release|Any CPU.ActiveCfg = Release|Any CPU
		{9399E0AB-84D3-45B1-B3A6-711B3368C47D}.Release|Any CPU.Build.0 = Release|Any CPU
		{F559FA56-3EDB-40D1-9E5B-DB4D7E7A18C6}.Debug|Any CPU.ActiveCfg = Debug|Any CPU
		{F559FA56-3EDB-40D1-9E5B-DB4D7E7A18C6}.Debug|Any CPU.Build.0 = Debug|Any CPU
		{F559FA56-3EDB-40D1-9E5B-DB4D7E7A18C6}.Release|Any CPU.ActiveCfg = Release|Any CPU
		{F559FA56-3EDB-40D1-9E5B-DB4D7E7A18C6}.Release|Any CPU.Build.0 = Release|Any CPU
	EndGlobalSection
	GlobalSection(NestedProjects) = preSolution
		{16E7C647-AA67-4771-A444-B3A8DDD08038} = {43E3A2CC-F198-430A-BA0E-3F951074EF6A}
		{528D147D-635C-4C68-991E-880938E2930D} = {16E7C647-AA67-4771-A444-B3A8DDD08038}
		{0B85E5DD-73CE-4383-81D8-78448DEE1905} = {16E7C647-AA67-4771-A444-B3A8DDD08038}
		{B7FBCC7A-C0DA-47B4-874A-4473EC0FE5B0} = {16E7C647-AA67-4771-A444-B3A8DDD08038}
		{61B448D5-5ADE-4850-8F66-64BE80F41286} = {16E7C647-AA67-4771-A444-B3A8DDD08038}
		{1DD7AE96-F141-48F3-8AF5-B8D53EC83881} = {16E7C647-AA67-4771-A444-B3A8DDD08038}
		{106305D1-7570-4485-B389-AD62A51587ED} = {16E7C647-AA67-4771-A444-B3A8DDD08038}
		{F73E4B63-658F-428C-AF95-B74B2E9FF7F6} = {16E7C647-AA67-4771-A444-B3A8DDD08038}
		{F4D66122-38F7-4A42-A650-05AC0A47F4C6} = {16E7C647-AA67-4771-A444-B3A8DDD08038}
		{9399E0AB-84D3-45B1-B3A6-711B3368C47D} = {16E7C647-AA67-4771-A444-B3A8DDD08038}
		{F559FA56-3EDB-40D1-9E5B-DB4D7E7A18C6} = {16E7C647-AA67-4771-A444-B3A8DDD08038}
	EndGlobalSection
EndGlobal
