
Microsoft Visual Studio Solution File, Format Version 12.00
# Visual Studio Version 17
VisualStudioVersion = 17.0.31903.59
MinimumVisualStudioVersion = 10.0.40219.1
Project("{9A19103F-16F7-4668-BE54-9A1E7A4F7556}") = "TerraFusion.API", "TerraFusion.API\TerraFusion.API.csproj", "{A1B2C3D4-E5F6-7890-ABCD-EF1234567890}"
EndProject
Project("{9A19103F-16F7-4668-BE54-9A1E7A4F7556}") = "TerraFusion.Core", "TerraFusion.Core\TerraFusion.Core.csproj", "{19801BBA-DCCA-D12D-950D-D292392FF044}"
EndProject
Project("{9A19103F-16F7-4668-BE54-9A1E7A4F7556}") = "TerraFusion.Data", "TerraFusion.Data\TerraFusion.Data.csproj", "{820F5607-6041-4546-D58E-EE76749F571F}"
EndProject
Project("{9A19103F-16F7-4668-BE54-9A1E7A4F7556}") = "TerraFusion.AI", "TerraFusion.AI\TerraFusion.AI.csproj", "{581105A2-538F-6C25-66AF-2D8396342F89}"
EndProject
Project("{FAE04EC0-301F-11D3-BF4B-00C04F79EFBC}") = "TerraFusion.Abstractions", "TerraFusion.Abstractions\TerraFusion.Abstractions.csproj", "{1BD321AD-661A-43F7-85A0-E5232D988CEC}"
EndProject
Project("{9A19103F-16F7-4668-BE54-9A1E7A4F7556}") = "TerraFusion.Sync", "TerraFusion.Sync\TerraFusion.Sync.csproj", "{2C3D4E5F-6789-4ABC-DEF0-123456789DEF}"
EndProject
Project("{FAE04EC0-301F-11D3-BF4B-00C04F79EFBC}") = "TerraFusion.Consciousness", "TerraFusion.Consciousness\TerraFusion.Consciousness.csproj", "{BAC9EDD6-F757-445B-8F90-DF401A8A8C87}"
EndProject
Project("{FAE04EC0-301F-11D3-BF4B-00C04F79EFBC}") = "TerraFusion.CostForge", "TerraFusion.CostForge\TerraFusion.CostForge.csproj", "{BCD4CA48-1110-475D-BED5-A7937A947FF2}"
EndProject
Global
	GlobalSection(SolutionConfigurationPlatforms) = preSolution
		Debug|Any CPU = Debug|Any CPU
		Debug|x64 = Debug|x64
		Debug|x86 = Debug|x86
		Release|Any CPU = Release|Any CPU
		Release|x64 = Release|x64
		Release|x86 = Release|x86
	EndGlobalSection
	GlobalSection(ProjectConfigurationPlatforms) = postSolution
		{A1B2C3D4-E5F6-7890-ABCD-EF1234567890}.Debug|Any CPU.ActiveCfg = Debug|Any CPU
		{A1B2C3D4-E5F6-7890-ABCD-EF1234567890}.Debug|Any CPU.Build.0 = Debug|Any CPU
		{A1B2C3D4-E5F6-7890-ABCD-EF1234567890}.Debug|x64.ActiveCfg = Debug|Any CPU
		{A1B2C3D4-E5F6-7890-ABCD-EF1234567890}.Debug|x64.Build.0 = Debug|Any CPU
		{A1B2C3D4-E5F6-7890-ABCD-EF1234567890}.Debug|x86.ActiveCfg = Debug|Any CPU
		{A1B2C3D4-E5F6-7890-ABCD-EF1234567890}.Debug|x86.Build.0 = Debug|Any CPU
		{A1B2C3D4-E5F6-7890-ABCD-EF1234567890}.Release|Any CPU.ActiveCfg = Release|Any CPU
		{A1B2C3D4-E5F6-7890-ABCD-EF1234567890}.Release|Any CPU.Build.0 = Release|Any CPU
		{A1B2C3D4-E5F6-7890-ABCD-EF1234567890}.Release|x64.ActiveCfg = Release|Any CPU
		{A1B2C3D4-E5F6-7890-ABCD-EF1234567890}.Release|x64.Build.0 = Release|Any CPU
		{A1B2C3D4-E5F6-7890-ABCD-EF1234567890}.Release|x86.ActiveCfg = Release|Any CPU
		{A1B2C3D4-E5F6-7890-ABCD-EF1234567890}.Release|x86.Build.0 = Release|Any CPU
		{1BD321AD-661A-43F7-85A0-E5232D988CEC}.Debug|Any CPU.ActiveCfg = Debug|Any CPU
		{1BD321AD-661A-43F7-85A0-E5232D988CEC}.Debug|Any CPU.Build.0 = Debug|Any CPU
		{1BD321AD-661A-43F7-85A0-E5232D988CEC}.Debug|x64.ActiveCfg = Debug|Any CPU
		{1BD321AD-661A-43F7-85A0-E5232D988CEC}.Debug|x64.Build.0 = Debug|Any CPU
		{1BD321AD-661A-43F7-85A0-E5232D988CEC}.Debug|x86.ActiveCfg = Debug|Any CPU
		{1BD321AD-661A-43F7-85A0-E5232D988CEC}.Debug|x86.Build.0 = Debug|Any CPU
		{1BD321AD-661A-43F7-85A0-E5232D988CEC}.Release|Any CPU.ActiveCfg = Release|Any CPU
		{1BD321AD-661A-43F7-85A0-E5232D988CEC}.Release|Any CPU.Build.0 = Release|Any CPU
		{1BD321AD-661A-43F7-85A0-E5232D988CEC}.Release|x64.ActiveCfg = Release|Any CPU
		{1BD321AD-661A-43F7-85A0-E5232D988CEC}.Release|x64.Build.0 = Release|Any CPU
		{1BD321AD-661A-43F7-85A0-E5232D988CEC}.Release|x86.ActiveCfg = Release|Any CPU
		{1BD321AD-661A-43F7-85A0-E5232D988CEC}.Release|x86.Build.0 = Release|Any CPU
		{2C3D4E5F-6789-4ABC-DEF0-123456789DEF}.Debug|Any CPU.ActiveCfg = Debug|Any CPU
		{2C3D4E5F-6789-4ABC-DEF0-123456789DEF}.Debug|Any CPU.Build.0 = Debug|Any CPU
		{2C3D4E5F-6789-4ABC-DEF0-123456789DEF}.Debug|x64.ActiveCfg = Debug|Any CPU
		{2C3D4E5F-6789-4ABC-DEF0-123456789DEF}.Debug|x64.Build.0 = Debug|Any CPU
		{2C3D4E5F-6789-4ABC-DEF0-123456789DEF}.Debug|x86.ActiveCfg = Debug|Any CPU
		{2C3D4E5F-6789-4ABC-DEF0-123456789DEF}.Debug|x86.Build.0 = Debug|Any CPU
		{2C3D4E5F-6789-4ABC-DEF0-123456789DEF}.Release|Any CPU.ActiveCfg = Release|Any CPU
		{2C3D4E5F-6789-4ABC-DEF0-123456789DEF}.Release|Any CPU.Build.0 = Release|Any CPU
		{2C3D4E5F-6789-4ABC-DEF0-123456789DEF}.Release|x64.ActiveCfg = Release|Any CPU
		{2C3D4E5F-6789-4ABC-DEF0-123456789DEF}.Release|x64.Build.0 = Release|Any CPU
		{2C3D4E5F-6789-4ABC-DEF0-123456789DEF}.Release|x86.ActiveCfg = Release|Any CPU
		{2C3D4E5F-6789-4ABC-DEF0-123456789DEF}.Release|x86.Build.0 = Release|Any CPU
		{BAC9EDD6-F757-445B-8F90-DF401A8A8C87}.Debug|Any CPU.ActiveCfg = Debug|Any CPU
		{BAC9EDD6-F757-445B-8F90-DF401A8A8C87}.Debug|Any CPU.Build.0 = Debug|Any CPU
		{BAC9EDD6-F757-445B-8F90-DF401A8A8C87}.Debug|x64.ActiveCfg = Debug|Any CPU
		{BAC9EDD6-F757-445B-8F90-DF401A8A8C87}.Debug|x64.Build.0 = Debug|Any CPU
		{BAC9EDD6-F757-445B-8F90-DF401A8A8C87}.Debug|x86.ActiveCfg = Debug|Any CPU
		{BAC9EDD6-F757-445B-8F90-DF401A8A8C87}.Debug|x86.Build.0 = Debug|Any CPU
		{BAC9EDD6-F757-445B-8F90-DF401A8A8C87}.Release|Any CPU.ActiveCfg = Release|Any CPU
		{BAC9EDD6-F757-445B-8F90-DF401A8A8C87}.Release|Any CPU.Build.0 = Release|Any CPU
		{BAC9EDD6-F757-445B-8F90-DF401A8A8C87}.Release|x64.ActiveCfg = Release|Any CPU
		{BAC9EDD6-F757-445B-8F90-DF401A8A8C87}.Release|x64.Build.0 = Release|Any CPU
		{BAC9EDD6-F757-445B-8F90-DF401A8A8C87}.Release|x86.ActiveCfg = Release|Any CPU
		{BAC9EDD6-F757-445B-8F90-DF401A8A8C87}.Release|x86.Build.0 = Release|Any CPU
		{BCD4CA48-1110-475D-BED5-A7937A947FF2}.Debug|Any CPU.ActiveCfg = Debug|Any CPU
		{BCD4CA48-1110-475D-BED5-A7937A947FF2}.Debug|Any CPU.Build.0 = Debug|Any CPU
		{BCD4CA48-1110-475D-BED5-A7937A947FF2}.Debug|x64.ActiveCfg = Debug|Any CPU
		{BCD4CA48-1110-475D-BED5-A7937A947FF2}.Debug|x64.Build.0 = Debug|Any CPU
		{BCD4CA48-1110-475D-BED5-A7937A947FF2}.Debug|x86.ActiveCfg = Debug|Any CPU
		{BCD4CA48-1110-475D-BED5-A7937A947FF2}.Debug|x86.Build.0 = Debug|Any CPU
		{BCD4CA48-1110-475D-BED5-A7937A947FF2}.Release|Any CPU.ActiveCfg = Release|Any CPU
		{BCD4CA48-1110-475D-BED5-A7937A947FF2}.Release|Any CPU.Build.0 = Release|Any CPU
		{BCD4CA48-1110-475D-BED5-A7937A947FF2}.Release|x64.ActiveCfg = Release|Any CPU
		{BCD4CA48-1110-475D-BED5-A7937A947FF2}.Release|x64.Build.0 = Release|Any CPU
		{BCD4CA48-1110-475D-BED5-A7937A947FF2}.Release|x86.ActiveCfg = Release|Any CPU
		{BCD4CA48-1110-475D-BED5-A7937A947FF2}.Release|x86.Build.0 = Release|Any CPU
	EndGlobalSection
	GlobalSection(SolutionProperties) = preSolution
		HideSolutionNode = FALSE
	EndGlobalSection
	GlobalSection(ExtensibilityGlobals) = postSolution
		SolutionGuid = {12345678-1234-1234-1234-123456789012}
	EndGlobalSection
EndGlobal
