
Microsoft Visual Studio Solution File, Format Version 12.00
# Visual Studio Version 17
VisualStudioVersion = 17.0.31903.59
MinimumVisualStudioVersion = 10.0.40219.1
Project("{2150E333-8FDC-42A3-9474-1A3956D46DE8}") = "src", "src", "{807F7173-3BC2-4BDB-ADBD-980DBDBB2DE2}"
EndProject
Project("{FAE04EC0-301F-11D3-BF4B-00C04F79EFBC}") = "TerraFusion.API", "src\TerraFusion.API\TerraFusion.API.csproj", "{5BF9D9A7-70C9-4C35-B602-5D6F10E05D8F}"
EndProject
Project("{FAE04EC0-301F-11D3-BF4B-00C04F79EFBC}") = "TerraFusion.Abstractions", "src\TerraFusion.Abstractions\TerraFusion.Abstractions.csproj", "{E7EE6E49-CBE5-4B97-BF85-D34FC31E6BD5}"
EndProject
Project("{FAE04EC0-301F-11D3-BF4B-00C04F79EFBC}") = "TerraFusion.Core", "src\TerraFusion.Core\TerraFusion.Core.csproj", "{E48E742D-328A-4AFF-908D-CC96869C2ECB}"
EndProject
Project("{FAE04EC0-301F-11D3-BF4B-00C04F79EFBC}") = "TerraFusion.Data", "src\TerraFusion.Data\TerraFusion.Data.csproj", "{7D6E63DB-3FE0-4C1D-9EFD-CE7CAEC8E6B7}"
EndProject
Project("{FAE04EC0-301F-11D3-BF4B-00C04F79EFBC}") = "TerraFusion.AI", "src\TerraFusion.AI\TerraFusion.AI.csproj", "{F8CD6575-31B9-4372-981C-074440CDB818}"
EndProject
Project("{FAE04EC0-301F-11D3-BF4B-00C04F79EFBC}") = "TerraFusion.Sync", "src\TerraFusion.Sync\TerraFusion.Sync.csproj", "{7A18D60A-135B-45C9-AE5C-F567021D6271}"
EndProject
Project("{FAE04EC0-301F-11D3-BF4B-00C04F79EFBC}") = "TerraFusion.Consciousness", "src\TerraFusion.Consciousness\TerraFusion.Consciousness.csproj", "{42D21971-3C53-4BC7-A4DF-6CC87D44E3B3}"
EndProject
Project("{FAE04EC0-301F-11D3-BF4B-00C04F79EFBC}") = "TerraFusion.CostForge", "src\TerraFusion.CostForge\TerraFusion.CostForge.csproj", "{49B6D881-58E9-42C8-8430-6E452802BB44}"
EndProject
Project("{FAE04EC0-301F-11D3-BF4B-00C04F79EFBC}") = "TerraFusion.Operations", "src\TerraFusion.Operations\TerraFusion.Operations.csproj", "{8889CA04-BAE5-4FD2-A54B-D4B503B76B13}"
EndProject
Project("{FAE04EC0-301F-11D3-BF4B-00C04F79EFBC}") = "TerraFusion.Levy", "src\TerraFusion.Levy\TerraFusion.Levy.csproj", "{D00C48E0-BAF3-48EF-9D07-F08506804261}"
EndProject
Global
	GlobalSection(SolutionConfigurationPlatforms) = preSolution
		Debug|Any CPU = Debug|Any CPU
		Debug|x64 = Debug|x64
		Debug|x86 = Debug|x86
		Release|Any CPU = Release|Any CPU
		Release|x64 = Release|x64
		Release|x86 = Release|x86
	EndGlobalSection
	GlobalSection(ProjectConfigurationPlatforms) = postSolution
		{5BF9D9A7-70C9-4C35-B602-5D6F10E05D8F}.Debug|Any CPU.ActiveCfg = Debug|Any CPU
		{5BF9D9A7-70C9-4C35-B602-5D6F10E05D8F}.Debug|Any CPU.Build.0 = Debug|Any CPU
		{5BF9D9A7-70C9-4C35-B602-5D6F10E05D8F}.Debug|x64.ActiveCfg = Debug|Any CPU
		{5BF9D9A7-70C9-4C35-B602-5D6F10E05D8F}.Debug|x64.Build.0 = Debug|Any CPU
		{5BF9D9A7-70C9-4C35-B602-5D6F10E05D8F}.Debug|x86.ActiveCfg = Debug|Any CPU
		{5BF9D9A7-70C9-4C35-B602-5D6F10E05D8F}.Debug|x86.Build.0 = Debug|Any CPU
		{5BF9D9A7-70C9-4C35-B602-5D6F10E05D8F}.Release|Any CPU.ActiveCfg = Release|Any CPU
		{5BF9D9A7-70C9-4C35-B602-5D6F10E05D8F}.Release|Any CPU.Build.0 = Release|Any CPU
		{5BF9D9A7-70C9-4C35-B602-5D6F10E05D8F}.Release|x64.ActiveCfg = Release|Any CPU
		{5BF9D9A7-70C9-4C35-B602-5D6F10E05D8F}.Release|x64.Build.0 = Release|Any CPU
		{5BF9D9A7-70C9-4C35-B602-5D6F10E05D8F}.Release|x86.ActiveCfg = Release|Any CPU
		{5BF9D9A7-70C9-4C35-B602-5D6F10E05D8F}.Release|x86.Build.0 = Release|Any CPU
		{E7EE6E49-CBE5-4B97-BF85-D34FC31E6BD5}.Debug|Any CPU.ActiveCfg = Debug|Any CPU
		{E7EE6E49-CBE5-4B97-BF85-D34FC31E6BD5}.Debug|Any CPU.Build.0 = Debug|Any CPU
		{E7EE6E49-CBE5-4B97-BF85-D34FC31E6BD5}.Debug|x64.ActiveCfg = Debug|Any CPU
		{E7EE6E49-CBE5-4B97-BF85-D34FC31E6BD5}.Debug|x64.Build.0 = Debug|Any CPU
		{E7EE6E49-CBE5-4B97-BF85-D34FC31E6BD5}.Debug|x86.ActiveCfg = Debug|Any CPU
		{E7EE6E49-CBE5-4B97-BF85-D34FC31E6BD5}.Debug|x86.Build.0 = Debug|Any CPU
		{E7EE6E49-CBE5-4B97-BF85-D34FC31E6BD5}.Release|Any CPU.ActiveCfg = Release|Any CPU
		{E7EE6E49-CBE5-4B97-BF85-D34FC31E6BD5}.Release|Any CPU.Build.0 = Release|Any CPU
		{E7EE6E49-CBE5-4B97-BF85-D34FC31E6BD5}.Release|x64.ActiveCfg = Release|Any CPU
		{E7EE6E49-CBE5-4B97-BF85-D34FC31E6BD5}.Release|x64.Build.0 = Release|Any CPU
		{E7EE6E49-CBE5-4B97-BF85-D34FC31E6BD5}.Release|x86.ActiveCfg = Release|Any CPU
		{E7EE6E49-CBE5-4B97-BF85-D34FC31E6BD5}.Release|x86.Build.0 = Release|Any CPU
		{E48E742D-328A-4AFF-908D-CC96869C2ECB}.Debug|Any CPU.ActiveCfg = Debug|Any CPU
		{E48E742D-328A-4AFF-908D-CC96869C2ECB}.Debug|Any CPU.Build.0 = Debug|Any CPU
		{E48E742D-328A-4AFF-908D-CC96869C2ECB}.Debug|x64.ActiveCfg = Debug|Any CPU
		{E48E742D-328A-4AFF-908D-CC96869C2ECB}.Debug|x64.Build.0 = Debug|Any CPU
		{E48E742D-328A-4AFF-908D-CC96869C2ECB}.Debug|x86.ActiveCfg = Debug|Any CPU
		{E48E742D-328A-4AFF-908D-CC96869C2ECB}.Debug|x86.Build.0 = Debug|Any CPU
		{E48E742D-328A-4AFF-908D-CC96869C2ECB}.Release|Any CPU.ActiveCfg = Release|Any CPU
		{E48E742D-328A-4AFF-908D-CC96869C2ECB}.Release|Any CPU.Build.0 = Release|Any CPU
		{E48E742D-328A-4AFF-908D-CC96869C2ECB}.Release|x64.ActiveCfg = Release|Any CPU
		{E48E742D-328A-4AFF-908D-CC96869C2ECB}.Release|x64.Build.0 = Release|Any CPU
		{E48E742D-328A-4AFF-908D-CC96869C2ECB}.Release|x86.ActiveCfg = Release|Any CPU
		{E48E742D-328A-4AFF-908D-CC96869C2ECB}.Release|x86.Build.0 = Release|Any CPU
		{7D6E63DB-3FE0-4C1D-9EFD-CE7CAEC8E6B7}.Debug|Any CPU.ActiveCfg = Debug|Any CPU
		{7D6E63DB-3FE0-4C1D-9EFD-CE7CAEC8E6B7}.Debug|Any CPU.Build.0 = Debug|Any CPU
		{7D6E63DB-3FE0-4C1D-9EFD-CE7CAEC8E6B7}.Debug|x64.ActiveCfg = Debug|Any CPU
		{7D6E63DB-3FE0-4C1D-9EFD-CE7CAEC8E6B7}.Debug|x64.Build.0 = Debug|Any CPU
		{7D6E63DB-3FE0-4C1D-9EFD-CE7CAEC8E6B7}.Debug|x86.ActiveCfg = Debug|Any CPU
		{7D6E63DB-3FE0-4C1D-9EFD-CE7CAEC8E6B7}.Debug|x86.Build.0 = Debug|Any CPU
		{7D6E63DB-3FE0-4C1D-9EFD-CE7CAEC8E6B7}.Release|Any CPU.ActiveCfg = Release|Any CPU
		{7D6E63DB-3FE0-4C1D-9EFD-CE7CAEC8E6B7}.Release|Any CPU.Build.0 = Release|Any CPU
		{7D6E63DB-3FE0-4C1D-9EFD-CE7CAEC8E6B7}.Release|x64.ActiveCfg = Release|Any CPU
		{7D6E63DB-3FE0-4C1D-9EFD-CE7CAEC8E6B7}.Release|x64.Build.0 = Release|Any CPU
		{7D6E63DB-3FE0-4C1D-9EFD-CE7CAEC8E6B7}.Release|x86.ActiveCfg = Release|Any CPU
		{7D6E63DB-3FE0-4C1D-9EFD-CE7CAEC8E6B7}.Release|x86.Build.0 = Release|Any CPU
		{F8CD6575-31B9-4372-981C-074440CDB818}.Debug|Any CPU.ActiveCfg = Debug|Any CPU
		{F8CD6575-31B9-4372-981C-074440CDB818}.Debug|Any CPU.Build.0 = Debug|Any CPU
		{F8CD6575-31B9-4372-981C-074440CDB818}.Debug|x64.ActiveCfg = Debug|Any CPU
		{F8CD6575-31B9-4372-981C-074440CDB818}.Debug|x64.Build.0 = Debug|Any CPU
		{F8CD6575-31B9-4372-981C-074440CDB818}.Debug|x86.ActiveCfg = Debug|Any CPU
		{F8CD6575-31B9-4372-981C-074440CDB818}.Debug|x86.Build.0 = Debug|Any CPU
		{F8CD6575-31B9-4372-981C-074440CDB818}.Release|Any CPU.ActiveCfg = Release|Any CPU
		{F8CD6575-31B9-4372-981C-074440CDB818}.Release|Any CPU.Build.0 = Release|Any CPU
		{F8CD6575-31B9-4372-981C-074440CDB818}.Release|x64.ActiveCfg = Release|Any CPU
		{F8CD6575-31B9-4372-981C-074440CDB818}.Release|x64.Build.0 = Release|Any CPU
		{F8CD6575-31B9-4372-981C-074440CDB818}.Release|x86.ActiveCfg = Release|Any CPU
		{F8CD6575-31B9-4372-981C-074440CDB818}.Release|x86.Build.0 = Release|Any CPU
		{7A18D60A-135B-45C9-AE5C-F567021D6271}.Debug|Any CPU.ActiveCfg = Debug|Any CPU
		{7A18D60A-135B-45C9-AE5C-F567021D6271}.Debug|Any CPU.Build.0 = Debug|Any CPU
		{7A18D60A-135B-45C9-AE5C-F567021D6271}.Debug|x64.ActiveCfg = Debug|Any CPU
		{7A18D60A-135B-45C9-AE5C-F567021D6271}.Debug|x64.Build.0 = Debug|Any CPU
		{7A18D60A-135B-45C9-AE5C-F567021D6271}.Debug|x86.ActiveCfg = Debug|Any CPU
		{7A18D60A-135B-45C9-AE5C-F567021D6271}.Debug|x86.Build.0 = Debug|Any CPU
		{7A18D60A-135B-45C9-AE5C-F567021D6271}.Release|Any CPU.ActiveCfg = Release|Any CPU
		{7A18D60A-135B-45C9-AE5C-F567021D6271}.Release|Any CPU.Build.0 = Release|Any CPU
		{7A18D60A-135B-45C9-AE5C-F567021D6271}.Release|x64.ActiveCfg = Release|Any CPU
		{7A18D60A-135B-45C9-AE5C-F567021D6271}.Release|x64.Build.0 = Release|Any CPU
		{7A18D60A-135B-45C9-AE5C-F567021D6271}.Release|x86.ActiveCfg = Release|Any CPU
		{7A18D60A-135B-45C9-AE5C-F567021D6271}.Release|x86.Build.0 = Release|Any CPU
		{42D21971-3C53-4BC7-A4DF-6CC87D44E3B3}.Debug|Any CPU.ActiveCfg = Debug|Any CPU
		{42D21971-3C53-4BC7-A4DF-6CC87D44E3B3}.Debug|Any CPU.Build.0 = Debug|Any CPU
		{42D21971-3C53-4BC7-A4DF-6CC87D44E3B3}.Debug|x64.ActiveCfg = Debug|Any CPU
		{42D21971-3C53-4BC7-A4DF-6CC87D44E3B3}.Debug|x64.Build.0 = Debug|Any CPU
		{42D21971-3C53-4BC7-A4DF-6CC87D44E3B3}.Debug|x86.ActiveCfg = Debug|Any CPU
		{42D21971-3C53-4BC7-A4DF-6CC87D44E3B3}.Debug|x86.Build.0 = Debug|Any CPU
		{42D21971-3C53-4BC7-A4DF-6CC87D44E3B3}.Release|Any CPU.ActiveCfg = Release|Any CPU
		{42D21971-3C53-4BC7-A4DF-6CC87D44E3B3}.Release|Any CPU.Build.0 = Release|Any CPU
		{42D21971-3C53-4BC7-A4DF-6CC87D44E3B3}.Release|x64.ActiveCfg = Release|Any CPU
		{42D21971-3C53-4BC7-A4DF-6CC87D44E3B3}.Release|x64.Build.0 = Release|Any CPU
		{42D21971-3C53-4BC7-A4DF-6CC87D44E3B3}.Release|x86.ActiveCfg = Release|Any CPU
		{42D21971-3C53-4BC7-A4DF-6CC87D44E3B3}.Release|x86.Build.0 = Release|Any CPU
		{49B6D881-58E9-42C8-8430-6E452802BB44}.Debug|Any CPU.ActiveCfg = Debug|Any CPU
		{49B6D881-58E9-42C8-8430-6E452802BB44}.Debug|Any CPU.Build.0 = Debug|Any CPU
		{49B6D881-58E9-42C8-8430-6E452802BB44}.Debug|x64.ActiveCfg = Debug|Any CPU
		{49B6D881-58E9-42C8-8430-6E452802BB44}.Debug|x64.Build.0 = Debug|Any CPU
		{49B6D881-58E9-42C8-8430-6E452802BB44}.Debug|x86.ActiveCfg = Debug|Any CPU
		{49B6D881-58E9-42C8-8430-6E452802BB44}.Debug|x86.Build.0 = Debug|Any CPU
		{49B6D881-58E9-42C8-8430-6E452802BB44}.Release|Any CPU.ActiveCfg = Release|Any CPU
		{49B6D881-58E9-42C8-8430-6E452802BB44}.Release|Any CPU.Build.0 = Release|Any CPU
		{49B6D881-58E9-42C8-8430-6E452802BB44}.Release|x64.ActiveCfg = Release|Any CPU
		{49B6D881-58E9-42C8-8430-6E452802BB44}.Release|x64.Build.0 = Release|Any CPU
		{49B6D881-58E9-42C8-8430-6E452802BB44}.Release|x86.ActiveCfg = Release|Any CPU
		{49B6D881-58E9-42C8-8430-6E452802BB44}.Release|x86.Build.0 = Release|Any CPU
		{8889CA04-BAE5-4FD2-A54B-D4B503B76B13}.Debug|Any CPU.ActiveCfg = Debug|Any CPU
		{8889CA04-BAE5-4FD2-A54B-D4B503B76B13}.Debug|Any CPU.Build.0 = Debug|Any CPU
		{8889CA04-BAE5-4FD2-A54B-D4B503B76B13}.Debug|x64.ActiveCfg = Debug|Any CPU
		{8889CA04-BAE5-4FD2-A54B-D4B503B76B13}.Debug|x64.Build.0 = Debug|Any CPU
		{8889CA04-BAE5-4FD2-A54B-D4B503B76B13}.Debug|x86.ActiveCfg = Debug|Any CPU
		{8889CA04-BAE5-4FD2-A54B-D4B503B76B13}.Debug|x86.Build.0 = Debug|Any CPU
		{8889CA04-BAE5-4FD2-A54B-D4B503B76B13}.Release|Any CPU.ActiveCfg = Release|Any CPU
		{8889CA04-BAE5-4FD2-A54B-D4B503B76B13}.Release|Any CPU.Build.0 = Release|Any CPU
		{8889CA04-BAE5-4FD2-A54B-D4B503B76B13}.Release|x64.ActiveCfg = Release|Any CPU
		{8889CA04-BAE5-4FD2-A54B-D4B503B76B13}.Release|x64.Build.0 = Release|Any CPU
		{8889CA04-BAE5-4FD2-A54B-D4B503B76B13}.Release|x86.ActiveCfg = Release|Any CPU
		{8889CA04-BAE5-4FD2-A54B-D4B503B76B13}.Release|x86.Build.0 = Release|Any CPU
		{D00C48E0-BAF3-48EF-9D07-F08506804261}.Debug|Any CPU.ActiveCfg = Debug|Any CPU
		{D00C48E0-BAF3-48EF-9D07-F08506804261}.Debug|Any CPU.Build.0 = Debug|Any CPU
		{D00C48E0-BAF3-48EF-9D07-F08506804261}.Debug|x64.ActiveCfg = Debug|Any CPU
		{D00C48E0-BAF3-48EF-9D07-F08506804261}.Debug|x64.Build.0 = Debug|Any CPU
		{D00C48E0-BAF3-48EF-9D07-F08506804261}.Debug|x86.ActiveCfg = Debug|Any CPU
		{D00C48E0-BAF3-48EF-9D07-F08506804261}.Debug|x86.Build.0 = Debug|Any CPU
		{D00C48E0-BAF3-48EF-9D07-F08506804261}.Release|Any CPU.ActiveCfg = Release|Any CPU
		{D00C48E0-BAF3-48EF-9D07-F08506804261}.Release|Any CPU.Build.0 = Release|Any CPU
		{D00C48E0-BAF3-48EF-9D07-F08506804261}.Release|x64.ActiveCfg = Release|Any CPU
		{D00C48E0-BAF3-48EF-9D07-F08506804261}.Release|x64.Build.0 = Release|Any CPU
		{D00C48E0-BAF3-48EF-9D07-F08506804261}.Release|x86.ActiveCfg = Release|Any CPU
		{D00C48E0-BAF3-48EF-9D07-F08506804261}.Release|x86.Build.0 = Release|Any CPU
	EndGlobalSection
	GlobalSection(SolutionProperties) = preSolution
		HideSolutionNode = FALSE
	EndGlobalSection
	GlobalSection(ExtensibilityGlobals) = postSolution
		SolutionGuid = {12345678-1234-1234-1234-123456789012}
	EndGlobalSection
	GlobalSection(NestedProjects) = preSolution
		{5BF9D9A7-70C9-4C35-B602-5D6F10E05D8F} = {807F7173-3BC2-4BDB-ADBD-980DBDBB2DE2}
		{E7EE6E49-CBE5-4B97-BF85-D34FC31E6BD5} = {807F7173-3BC2-4BDB-ADBD-980DBDBB2DE2}
		{E48E742D-328A-4AFF-908D-CC96869C2ECB} = {807F7173-3BC2-4BDB-ADBD-980DBDBB2DE2}
		{7D6E63DB-3FE0-4C1D-9EFD-CE7CAEC8E6B7} = {807F7173-3BC2-4BDB-ADBD-980DBDBB2DE2}
		{F8CD6575-31B9-4372-981C-074440CDB818} = {807F7173-3BC2-4BDB-ADBD-980DBDBB2DE2}
		{7A18D60A-135B-45C9-AE5C-F567021D6271} = {807F7173-3BC2-4BDB-ADBD-980DBDBB2DE2}
		{42D21971-3C53-4BC7-A4DF-6CC87D44E3B3} = {807F7173-3BC2-4BDB-ADBD-980DBDBB2DE2}
		{49B6D881-58E9-42C8-8430-6E452802BB44} = {807F7173-3BC2-4BDB-ADBD-980DBDBB2DE2}
		{8889CA04-BAE5-4FD2-A54B-D4B503B76B13} = {807F7173-3BC2-4BDB-ADBD-980DBDBB2DE2}
		{D00C48E0-BAF3-48EF-9D07-F08506804261} = {807F7173-3BC2-4BDB-ADBD-980DBDBB2DE2}
	EndGlobalSection
EndGlobal
