lockfileVersion: '9.0'

settings:
  autoInstallPeers: true
  excludeLinksFromLockfile: false

importers:
  .:
    dependencies:
      '@playwright/test':
        specifier: ^1.55.1
        version: 1.57.0
      fs-extra:
        specifier: ^11.3.2
        version: 11.3.3

packages:
  '@playwright/test@1.57.0':
    resolution:
      {
        integrity: sha512-6TyEnHgd6SArQO8UO2OMTxshln3QMWBtPGrOCgs3wVEmQmwyuNtB10IZMfmYDE0riwNR1cu4q+pPcxMVtaG3TA==,
      }
    engines: { node: '>=18' }
    hasBin: true

  fs-extra@11.3.3:
    resolution:
      {
        integrity: sha512-VWSRii4t0AFm6ixFFmLLx1t7wS1gh+ckoa84aOeapGum0h+EZd1EhEumSB+ZdDLnEPuucsVB9oB7cxJHap6Afg==,
      }
    engines: { node: '>=14.14' }

  fsevents@2.3.2:
    resolution:
      {
        integrity: sha512-xiqMQR4xAeHTuB9uWm+fFRcIOgKBMiOBP+eXiyT7jsgVCq1bkVygt00oASowB7EdtpOHaaPgKt812P9ab+DDKA==,
      }
    engines: { node: ^8.16.0 || ^10.6.0 || >=11.0.0 }
    os: [darwin]

  graceful-fs@4.2.11:
    resolution:
      {
        integrity: sha512-RbJ5/jmFcNNCcDV5o9eTnBLJ/HszWV0P73bc+Ff4nS/rJj+YaS6IGyiOL0VoBYX+l1Wrl3k63h/KrH+nhJ0XvQ==,
      }

  jsonfile@6.2.0:
    resolution:
      {
        integrity: sha512-FGuPw30AdOIUTRMC2OMRtQV+jkVj2cfPqSeWXv1NEAJ1qZ5zb1X6z1mFhbfOB/iy3ssJCD+3KuZ8r8C3uVFlAg==,
      }

  playwright-core@1.57.0:
    resolution:
      {
        integrity: sha512-agTcKlMw/mjBWOnD6kFZttAAGHgi/Nw0CZ2o6JqWSbMlI219lAFLZZCyqByTsvVAJq5XA5H8cA6PrvBRpBWEuQ==,
      }
    engines: { node: '>=18' }
    hasBin: true

  playwright@1.57.0:
    resolution:
      {
        integrity: sha512-ilYQj1s8sr2ppEJ2YVadYBN0Mb3mdo9J0wQ+UuDhzYqURwSoW4n1Xs5vs7ORwgDGmyEh33tRMeS8KhdkMoLXQw==,
      }
    engines: { node: '>=18' }
    hasBin: true

  universalify@2.0.1:
    resolution:
      {
        integrity: sha512-gptHNQghINnc/vTGIk0SOFGFNXw7JVrlRUtConJRlvaw6DuX0wO5Jeko9sWrMBhh+PsYAZ7oXAiOnf/UKogyiw==,
      }
    engines: { node: '>= 10.0.0' }

snapshots:
  '@playwright/test@1.57.0':
    dependencies:
      playwright: 1.57.0

  fs-extra@11.3.3:
    dependencies:
      graceful-fs: 4.2.11
      jsonfile: 6.2.0
      universalify: 2.0.1

  fsevents@2.3.2:
    optional: true

  graceful-fs@4.2.11: {}

  jsonfile@6.2.0:
    dependencies:
      universalify: 2.0.1
    optionalDependencies:
      graceful-fs: 4.2.11

  playwright-core@1.57.0: {}

  playwright@1.57.0:
    dependencies:
      playwright-core: 1.57.0
    optionalDependencies:
      fsevents: 2.3.2

  universalify@2.0.1: {}
